<?xml version="1.0" encoding="utf-8"?>
<Project ToolsVersion="4.0" xmlns="http://schemas.microsoft.com/developer/msbuild/2003">
  <ItemGroup>
    <Filter Include="Source Files">
      <UniqueIdentifier>{4FC737F1-C7A5-4376-A066-2A32D752A2FF}</UniqueIdentifier>
      <Extensions>cpp;c;cc;cxx;c++;cppm;ixx;def;odl;idl;hpj;bat;asm;asmx</Extensions>
    </Filter>
    <Filter Include="Header Files">
      <UniqueIdentifier>{93995380-89BD-4b04-88EB-625FBE52EBFB}</UniqueIdentifier>
      <Extensions>h;hh;hpp;hxx;h++;hm;inl;inc;ipp;xsd</Extensions>
    </Filter>
    <Filter Include="Resource Files">
      <UniqueIdentifier>{67DA6AB6-F800-4c08-8B7A-83BB121AAD01}</UniqueIdentifier>
      <Extensions>rc;ico;cur;bmp;dlg;rc2;rct;bin;rgs;gif;jpg;jpeg;jpe;resx;tiff;tif;png;wav;mfcribbon-ms</Extensions>
    </Filter>
    <Filter Include="Resource Files\Common">
      <UniqueIdentifier>{6c2b393d-3a10-4379-9d3b-8564555cd93b}</UniqueIdentifier>
    </Filter>
    <Filter Include="Resource Files\Code">
      <UniqueIdentifier>{22d16fec-76c2-46da-bf6d-2d1fae173ade}</UniqueIdentifier>
    </Filter>
    <Filter Include="Resource Files\Code\01_Triangles">
      <UniqueIdentifier>{f60eddc6-8bf8-476b-b77a-3ab70584bb3e}</UniqueIdentifier>
    </Filter>
    <Filter Include="Resource Files\Code\02_Shader">
      <UniqueIdentifier>{3df0f9fc-c6a8-4d2b-b6e0-9136f6e05a20}</UniqueIdentifier>
    </Filter>
    <Filter Include="Resource Files\Code\03_Texture">
      <UniqueIdentifier>{d83abe8e-3b8b-4d35-901e-f9096663472c}</UniqueIdentifier>
    </Filter>
    <Filter Include="Resource Files\Code\04_Transform">
      <UniqueIdentifier>{d5d7694e-912a-446f-a108-7c88c5e6c51c}</UniqueIdentifier>
    </Filter>
    <Filter Include="Resource Files\Code\05_3D">
      <UniqueIdentifier>{ecbbe55a-f871-498c-a180-e371a5d3e2cf}</UniqueIdentifier>
    </Filter>
  </ItemGroup>
  <ItemGroup>
    <ClCompile Include="C:\Users\admin\Downloads\glad\src\glad.c">
      <Filter>Resource Files\Common</Filter>
    </ClCompile>
    <ClCompile Include="Example.cpp">
      <Filter>Resource Files\Common</Filter>
    </ClCompile>
    <ClCompile Include="Hello_Triangles.cpp">
      <Filter>Resource Files\Code\01_Triangles</Filter>
    </ClCompile>
    <ClCompile Include="ShaderProgram.cpp">
      <Filter>Resource Files\Code\02_Shader</Filter>
    </ClCompile>
    <ClCompile Include="Texture.cpp">
      <Filter>Resource Files\Code\03_Texture</Filter>
    </ClCompile>
    <ClCompile Include="Transform.cpp">
      <Filter>Resource Files\Code\04_Transform</Filter>
    </ClCompile>
    <ClCompile Include="3DSys.cpp">
      <Filter>Resource Files\Code\05_3D</Filter>
    </ClCompile>
  </ItemGroup>
  <ItemGroup>
    <ClInclude Include="..\OpenGL_Plugins\Include\Tool\Common.h">
      <Filter>Header Files</Filter>
    </ClInclude>
    <ClInclude Include="..\OpenGL_Plugins\Include\Tool\shader_s.h">
      <Filter>Header Files</Filter>
    </ClInclude>
  </ItemGroup>
</Project>